# This file is automatically @generated by Cargo.
# It is not intended for manual editing.
version = 3

[[package]]
name = "byteorder"
version = "1.4.3"
source = "registry+https://github.com/rust-lang/crates.io-index"
checksum = "14c189c53d098945499cdfa7ecc63567cf3886b3332b312a5b4585d8d3a6a610"

[[package]]
name = "ogg"
version = "0.9.0"
source = "registry+https://github.com/rust-lang/crates.io-index"
checksum = "960d0efc0531a452c442c777288f704b300a5f743c04a14eba71f9aabc4897ac"
dependencies = [
 "byteorder",
]

[[package]]
name = "ogg_parser"
version = "0.1.0"
dependencies = [
 "byteorder",
 "ogg",
]
